
Microsoft Visual Studio Solution File, Format Version 12.00
# Visual Studio Version 17
VisualStudioVersion = 17.0.31903.59
MinimumVisualStudioVersion = 10.0.40219.1
Project("{FAE04EC0-301F-11D3-BF4B-00C04F79EFBC}") = "Malvex.App", "Malvex.App\Malvex.App.csproj", "{DCDD7933-38AB-4AA4-86E7-ACA40EFE0BE8}"
EndProject
Project("{FAE04EC0-301F-11D3-BF4B-00C04F79EFBC}") = "Malvex.Core", "Malvex.Core\Malvex.Core.csproj", "{B15FADDA-6273-4F87-AA6B-4727F4F4B04A}"
EndProject
Project("{FAE04EC0-301F-11D3-BF4B-00C04F79EFBC}") = "Malvex.Analysis", "Malvex.Analysis\Malvex.Analysis.csproj", "{94434D36-C60E-457B-A59A-28BE8E22FFDD}"
EndProject
Project("{FAE04EC0-301F-11D3-BF4B-00C04F79EFBC}") = "Malvex.Tests", "Malvex.Tests\Malvex.Tests.csproj", "{78F716F8-C28C-460D-95BA-1303B4EC1183}"
EndProject
Global
	GlobalSection(SolutionConfigurationPlatforms) = preSolution
		Debug|Any CPU = Debug|Any CPU
		Release|Any CPU = Release|Any CPU
	EndGlobalSection
	GlobalSection(SolutionProperties) = preSolution
		HideSolutionNode = FALSE
	EndGlobalSection
	GlobalSection(ProjectConfigurationPlatforms) = postSolution
		{DCDD7933-38AB-4AA4-86E7-ACA40EFE0BE8}.Debug|Any CPU.ActiveCfg = Debug|Any CPU
		{DCDD7933-38AB-4AA4-86E7-ACA40EFE0BE8}.Debug|Any CPU.Build.0 = Debug|Any CPU
		{DCDD7933-38AB-4AA4-86E7-ACA40EFE0BE8}.Release|Any CPU.ActiveCfg = Release|Any CPU
		{DCDD7933-38AB-4AA4-86E7-ACA40EFE0BE8}.Release|Any CPU.Build.0 = Release|Any CPU
		{B15FADDA-6273-4F87-AA6B-4727F4F4B04A}.Debug|Any CPU.ActiveCfg = Debug|Any CPU
		{B15FADDA-6273-4F87-AA6B-4727F4F4B04A}.Debug|Any CPU.Build.0 = Debug|Any CPU
		{B15FADDA-6273-4F87-AA6B-4727F4F4B04A}.Release|Any CPU.ActiveCfg = Release|Any CPU
		{B15FADDA-6273-4F87-AA6B-4727F4F4B04A}.Release|Any CPU.Build.0 = Release|Any CPU
		{94434D36-C60E-457B-A59A-28BE8E22FFDD}.Debug|Any CPU.ActiveCfg = Debug|Any CPU
		{94434D36-C60E-457B-A59A-28BE8E22FFDD}.Debug|Any CPU.Build.0 = Debug|Any CPU
		{94434D36-C60E-457B-A59A-28BE8E22FFDD}.Release|Any CPU.ActiveCfg = Release|Any CPU
		{94434D36-C60E-457B-A59A-28BE8E22FFDD}.Release|Any CPU.Build.0 = Release|Any CPU
		{78F716F8-C28C-460D-95BA-1303B4EC1183}.Debug|Any CPU.ActiveCfg = Debug|Any CPU
		{78F716F8-C28C-460D-95BA-1303B4EC1183}.Debug|Any CPU.Build.0 = Debug|Any CPU
		{78F716F8-C28C-460D-95BA-1303B4EC1183}.Release|Any CPU.ActiveCfg = Release|Any CPU
		{78F716F8-C28C-460D-95BA-1303B4EC1183}.Release|Any CPU.Build.0 = Release|Any CPU
	EndGlobalSection
EndGlobal
